
Microsoft Visual Studio Solution File, Format Version 12.00
# Visual Studio Version 17
VisualStudioVersion = 17.10.34916.146
MinimumVisualStudioVersion = 10.0.40219.1
Project("{9A19103F-16F7-4668-BE54-9A1E7A4F7556}") = "AdminBlazor", "AdminBlazor.csproj", "{A3E4753A-978E-4D8E-8FA6-D5AE14AE2A08}"
EndProject
Global
	GlobalSection(SolutionConfigurationPlatforms) = preSolution
		Debug|Any CPU = Debug|Any CPU
		Release|Any CPU = Release|Any CPU
	EndGlobalSection
	GlobalSection(ProjectConfigurationPlatforms) = postSolution
		{A3E4753A-978E-4D8E-8FA6-D5AE14AE2A08}.Debug|Any CPU.ActiveCfg = Debug|Any CPU
		{A3E4753A-978E-4D8E-8FA6-D5AE14AE2A08}.Debug|Any CPU.Build.0 = Debug|Any CPU
		{A3E4753A-978E-4D8E-8FA6-D5AE14AE2A08}.Release|Any CPU.ActiveCfg = Release|Any CPU
		{A3E4753A-978E-4D8E-8FA6-D5AE14AE2A08}.Release|Any CPU.Build.0 = Release|Any CPU
	EndGlobalSection
	GlobalSection(SolutionProperties) = preSolution
		HideSolutionNode = FALSE
	EndGlobalSection
	GlobalSection(ExtensibilityGlobals) = postSolution
		SolutionGuid = {8CF4CCCD-155A-4A8A-A2F3-C096B3F2D927}
	EndGlobalSection
EndGlobal
